// !$*UTF8*$!
{
	archiveVersion = 1;
	classes = {
	};
	objectVersion = 50;
	objects = {

/* Begin PBXBuildFile section */
		0A1424B0214682F50049EEC7 /* MenuController.swift in Sources */ = {isa = PBXBuildFile; fileRef = 0A1424AF214682F50049EEC7 /* MenuController.swift */; };
		0A1424B22146839C0049EEC7 /* ALaCarteController.swift in Sources */ = {isa = PBXBuildFile; fileRef = 0A1424B12146839C0049EEC7 /* ALaCarteController.swift */; };
		0AEA9A432146EF1600E39865 /* MonTabBarController.swift in Sources */ = {isa = PBXBuildFile; fileRef = 0AEA9A422146EF1600E39865 /* MonTabBarController.swift */; };
		0AEA9A462146EF8000E39865 /* Constantes.swift in Sources */ = {isa = PBXBuildFile; fileRef = 0AEA9A452146EF8000E39865 /* Constantes.swift */; };
		0AEA9A482146F23300E39865 /* MonNav.swift in Sources */ = {isa = PBXBuildFile; fileRef = 0AEA9A472146F23300E39865 /* MonNav.swift */; };
		0AEA9A4A2146F65000E39865 /* MenuCell.swift in Sources */ = {isa = PBXBuildFile; fileRef = 0AEA9A492146F65000E39865 /* MenuCell.swift */; };
		934543202145813200DEFDDE /* AppDelegate.swift in Sources */ = {isa = PBXBuildFile; fileRef = 9345431F2145813200DEFDDE /* AppDelegate.swift */; };
		934543252145813200DEFDDE /* Main.storyboard in Resources */ = {isa = PBXBuildFile; fileRef = 934543232145813200DEFDDE /* Main.storyboard */; };
		934543272145813300DEFDDE /* Assets.xcassets in Resources */ = {isa = PBXBuildFile; fileRef = 934543262145813300DEFDDE /* Assets.xcassets */; };
		9345432A2145813300DEFDDE /* LaunchScreen.storyboard in Resources */ = {isa = PBXBuildFile; fileRef = 934543282145813300DEFDDE /* LaunchScreen.storyboard */; };
		935ECF652149B978006D691D /* Plat.swift in Sources */ = {isa = PBXBuildFile; fileRef = 935ECF642149B978006D691D /* Plat.swift */; };
		935ECF672149B9B9006D691D /* Enums.swift in Sources */ = {isa = PBXBuildFile; fileRef = 935ECF662149B9B9006D691D /* Enums.swift */; };
		935ECF692149BBDB006D691D /* Menu.swift in Sources */ = {isa = PBXBuildFile; fileRef = 935ECF682149BBDB006D691D /* Menu.swift */; };
		935ECF6B2149BCD3006D691D /* LesPlats.swift in Sources */ = {isa = PBXBuildFile; fileRef = 935ECF6A2149BCD3006D691D /* LesPlats.swift */; };
/* End PBXBuildFile section */

/* Begin PBXFileReference section */
		0A1424AF214682F50049EEC7 /* MenuController.swift */ = {isa = PBXFileReference; lastKnownFileType = sourcecode.swift; path = MenuController.swift; sourceTree = "<group>"; };
		0A1424B12146839C0049EEC7 /* ALaCarteController.swift */ = {isa = PBXFileReference; lastKnownFileType = sourcecode.swift; path = ALaCarteController.swift; sourceTree = "<group>"; };
		0AEA9A422146EF1600E39865 /* MonTabBarController.swift */ = {isa = PBXFileReference; lastKnownFileType = sourcecode.swift; path = MonTabBarController.swift; sourceTree = "<group>"; };
		0AEA9A452146EF8000E39865 /* Constantes.swift */ = {isa = PBXFileReference; lastKnownFileType = sourcecode.swift; path = Constantes.swift; sourceTree = "<group>"; };
		0AEA9A472146F23300E39865 /* MonNav.swift */ = {isa = PBXFileReference; lastKnownFileType = sourcecode.swift; path = MonNav.swift; sourceTree = "<group>"; };
		0AEA9A492146F65000E39865 /* MenuCell.swift */ = {isa = PBXFileReference; lastKnownFileType = sourcecode.swift; path = MenuCell.swift; sourceTree = "<group>"; };
		9345431C2145813200DEFDDE /* MonRestoDuMonde.app */ = {isa = PBXFileReference; explicitFileType = wrapper.application; includeInIndex = 0; path = MonRestoDuMonde.app; sourceTree = BUILT_PRODUCTS_DIR; };
		9345431F2145813200DEFDDE /* AppDelegate.swift */ = {isa = PBXFileReference; lastKnownFileType = sourcecode.swift; path = AppDelegate.swift; sourceTree = "<group>"; };
		934543242145813200DEFDDE /* Base */ = {isa = PBXFileReference; lastKnownFileType = file.storyboard; name = Base; path = Base.lproj/Main.storyboard; sourceTree = "<group>"; };
		934543262145813300DEFDDE /* Assets.xcassets */ = {isa = PBXFileReference; lastKnownFileType = folder.assetcatalog; path = Assets.xcassets; sourceTree = "<group>"; };
		934543292145813300DEFDDE /* Base */ = {isa = PBXFileReference; lastKnownFileType = file.storyboard; name = Base; path = Base.lproj/LaunchScreen.storyboard; sourceTree = "<group>"; };
		9345432B2145813300DEFDDE /* Info.plist */ = {isa = PBXFileReference; lastKnownFileType = text.plist.xml; path = Info.plist; sourceTree = "<group>"; };
		935ECF642149B978006D691D /* Plat.swift */ = {isa = PBXFileReference; lastKnownFileType = sourcecode.swift; path = Plat.swift; sourceTree = "<group>"; };
		935ECF662149B9B9006D691D /* Enums.swift */ = {isa = PBXFileReference; lastKnownFileType = sourcecode.swift; path = Enums.swift; sourceTree = "<group>"; };
		935ECF682149BBDB006D691D /* Menu.swift */ = {isa = PBXFileReference; lastKnownFileType = sourcecode.swift; path = Menu.swift; sourceTree = "<group>"; };
		935ECF6A2149BCD3006D691D /* LesPlats.swift */ = {isa = PBXFileReference; lastKnownFileType = sourcecode.swift; path = LesPlats.swift; sourceTree = "<group>"; };
/* End PBXFileReference section */

/* Begin PBXFrameworksBuildPhase section */
		934543192145813200DEFDDE /* Frameworks */ = {
			isa = PBXFrameworksBuildPhase;
			buildActionMask = 2147483647;
			files = (
			);
			runOnlyForDeploymentPostprocessing = 0;
		};
/* End PBXFrameworksBuildPhase section */

/* Begin PBXGroup section */
		0A1424AD214682380049EEC7 /* Vue */ = {
			isa = PBXGroup;
			children = (
				0AEA9A492146F65000E39865 /* MenuCell.swift */,
			);
			path = Vue;
			sourceTree = "<group>";
		};
		0A1424AE214682420049EEC7 /* Controleur */ = {
			isa = PBXGroup;
			children = (
				0A1424AF214682F50049EEC7 /* MenuController.swift */,
				0A1424B12146839C0049EEC7 /* ALaCarteController.swift */,
				0AEA9A422146EF1600E39865 /* MonTabBarController.swift */,
				0AEA9A472146F23300E39865 /* MonNav.swift */,
			);
			path = Controleur;
			sourceTree = "<group>";
		};
		0AEA9A442146EF6000E39865 /* Utilitaire */ = {
			isa = PBXGroup;
			children = (
				0AEA9A452146EF8000E39865 /* Constantes.swift */,
			);
			path = Utilitaire;
			sourceTree = "<group>";
		};
		934543132145813200DEFDDE = {
			isa = PBXGroup;
			children = (
				9345431E2145813200DEFDDE /* MonRestoDuMonde */,
				9345431D2145813200DEFDDE /* Products */,
			);
			sourceTree = "<group>";
		};
		9345431D2145813200DEFDDE /* Products */ = {
			isa = PBXGroup;
			children = (
				9345431C2145813200DEFDDE /* MonRestoDuMonde.app */,
			);
			name = Products;
			sourceTree = "<group>";
		};
		9345431E2145813200DEFDDE /* MonRestoDuMonde */ = {
			isa = PBXGroup;
			children = (
				0AEA9A442146EF6000E39865 /* Utilitaire */,
				935ECF632149B965006D691D /* Modele */,
				0A1424AD214682380049EEC7 /* Vue */,
				0A1424AE214682420049EEC7 /* Controleur */,
				9345431F2145813200DEFDDE /* AppDelegate.swift */,
				934543232145813200DEFDDE /* Main.storyboard */,
				934543262145813300DEFDDE /* Assets.xcassets */,
				934543282145813300DEFDDE /* LaunchScreen.storyboard */,
				9345432B2145813300DEFDDE /* Info.plist */,
			);
			path = MonRestoDuMonde;
			sourceTree = "<group>";
		};
		935ECF632149B965006D691D /* Modele */ = {
			isa = PBXGroup;
			children = (
				935ECF642149B978006D691D /* Plat.swift */,
				935ECF662149B9B9006D691D /* Enums.swift */,
				935ECF682149BBDB006D691D /* Menu.swift */,
				935ECF6A2149BCD3006D691D /* LesPlats.swift */,
			);
			path = Modele;
			sourceTree = "<group>";
		};
/* End PBXGroup section */

/* Begin PBXNativeTarget section */
		9345431B2145813200DEFDDE /* MonRestoDuMonde */ = {
			isa = PBXNativeTarget;
			buildConfigurationList = 9345432E2145813300DEFDDE /* Build configuration list for PBXNativeTarget "MonRestoDuMonde" */;
			buildPhases = (
				934543182145813200DEFDDE /* Sources */,
				934543192145813200DEFDDE /* Frameworks */,
				9345431A2145813200DEFDDE /* Resources */,
			);
			buildRules = (
			);
			dependencies = (
			);
			name = MonRestoDuMonde;
			productName = MonRestoDuMonde;
			productReference = 9345431C2145813200DEFDDE /* MonRestoDuMonde.app */;
			productType = "com.apple.product-type.application";
		};
/* End PBXNativeTarget section */

/* Begin PBXProject section */
		934543142145813200DEFDDE /* Project object */ = {
			isa = PBXProject;
			attributes = {
				LastSwiftUpdateCheck = 0940;
				LastUpgradeCheck = 0940;
				ORGANIZATIONNAME = KTD;
				TargetAttributes = {
					9345431B2145813200DEFDDE = {
						CreatedOnToolsVersion = 9.4.1;
					};
				};
			};
			buildConfigurationList = 934543172145813200DEFDDE /* Build configuration list for PBXProject "MonRestoDuMonde" */;
			compatibilityVersion = "Xcode 9.3";
			developmentRegion = en;
			hasScannedForEncodings = 0;
			knownRegions = (
				en,
				Base,
			);
			mainGroup = 934543132145813200DEFDDE;
			productRefGroup = 9345431D2145813200DEFDDE /* Products */;
			projectDirPath = "";
			projectRoot = "";
			targets = (
				9345431B2145813200DEFDDE /* MonRestoDuMonde */,
			);
		};
/* End PBXProject section */

/* Begin PBXResourcesBuildPhase section */
		9345431A2145813200DEFDDE /* Resources */ = {
			isa = PBXResourcesBuildPhase;
			buildActionMask = 2147483647;
			files = (
				9345432A2145813300DEFDDE /* LaunchScreen.storyboard in Resources */,
				934543272145813300DEFDDE /* Assets.xcassets in Resources */,
				934543252145813200DEFDDE /* Main.storyboard in Resources */,
			);
			runOnlyForDeploymentPostprocessing = 0;
		};
/* End PBXResourcesBuildPhase section */

/* Begin PBXSourcesBuildPhase section */
		934543182145813200DEFDDE /* Sources */ = {
			isa = PBXSourcesBuildPhase;
			buildActionMask = 2147483647;
			files = (
				0AEA9A4A2146F65000E39865 /* MenuCell.swift in Sources */,
				0AEA9A462146EF8000E39865 /* Constantes.swift in Sources */,
				0A1424B0214682F50049EEC7 /* MenuController.swift in Sources */,
				0AEA9A482146F23300E39865 /* MonNav.swift in Sources */,
				935ECF692149BBDB006D691D /* Menu.swift in Sources */,
				0AEA9A432146EF1600E39865 /* MonTabBarController.swift in Sources */,
				935ECF6B2149BCD3006D691D /* LesPlats.swift in Sources */,
				934543202145813200DEFDDE /* AppDelegate.swift in Sources */,
				935ECF652149B978006D691D /* Plat.swift in Sources */,
				935ECF672149B9B9006D691D /* Enums.swift in Sources */,
				0A1424B22146839C0049EEC7 /* ALaCarteController.swift in Sources */,
			);
			runOnlyForDeploymentPostprocessing = 0;
		};
/* End PBXSourcesBuildPhase section */

/* Begin PBXVariantGroup section */
		934543232145813200DEFDDE /* Main.storyboard */ = {
			isa = PBXVariantGroup;
			children = (
				934543242145813200DEFDDE /* Base */,
			);
			name = Main.storyboard;
			sourceTree = "<group>";
		};
		934543282145813300DEFDDE /* LaunchScreen.storyboard */ = {
			isa = PBXVariantGroup;
			children = (
				934543292145813300DEFDDE /* Base */,
			);
			name = LaunchScreen.storyboard;
			sourceTree = "<group>";
		};
/* End PBXVariantGroup section */

/* Begin XCBuildConfiguration section */
		9345432C2145813300DEFDDE /* Debug */ = {
			isa = XCBuildConfiguration;
			buildSettings = {
				ALWAYS_SEARCH_USER_PATHS = NO;
				CLANG_ANALYZER_NONNULL = YES;
				CLANG_ANALYZER_NUMBER_OBJECT_CONVERSION = YES_AGGRESSIVE;
				CLANG_CXX_LANGUAGE_STANDARD = "gnu++14";
				CLANG_CXX_LIBRARY = "libc++";
				CLANG_ENABLE_MODULES = YES;
				CLANG_ENABLE_OBJC_ARC = YES;
				CLANG_ENABLE_OBJC_WEAK = YES;
				CLANG_WARN_BLOCK_CAPTURE_AUTORELEASING = YES;
				CLANG_WARN_BOOL_CONVERSION = YES;
				CLANG_WARN_COMMA = YES;
				CLANG_WARN_CONSTANT_CONVERSION = YES;
				CLANG_WARN_DEPRECATED_OBJC_IMPLEMENTATIONS = YES;
				CLANG_WARN_DIRECT_OBJC_ISA_USAGE = YES_ERROR;
				CLANG_WARN_DOCUMENTATION_COMMENTS = YES;
				CLANG_WARN_EMPTY_BODY = YES;
				CLANG_WARN_ENUM_CONVERSION = YES;
				CLANG_WARN_INFINITE_RECURSION = YES;
				CLANG_WARN_INT_CONVERSION = YES;
				CLANG_WARN_NON_LITERAL_NULL_CONVERSION = YES;
				CLANG_WARN_OBJC_IMPLICIT_RETAIN_SELF = YES;
				CLANG_WARN_OBJC_LITERAL_CONVERSION = YES;
				CLANG_WARN_OBJC_ROOT_CLASS = YES_ERROR;
				CLANG_WARN_RANGE_LOOP_ANALYSIS = YES;
				CLANG_WARN_STRICT_PROTOTYPES = YES;
				CLANG_WARN_SUSPICIOUS_MOVE = YES;
				CLANG_WARN_UNGUARDED_AVAILABILITY = YES_AGGRESSIVE;
				CLANG_WARN_UNREACHABLE_CODE = YES;
				CLANG_WARN__DUPLICATE_METHOD_MATCH = YES;
				CODE_SIGN_IDENTITY = "iPhone Developer";
				COPY_PHASE_STRIP = NO;
				DEBUG_INFORMATION_FORMAT = dwarf;
				ENABLE_STRICT_OBJC_MSGSEND = YES;
				ENABLE_TESTABILITY = YES;
				GCC_C_LANGUAGE_STANDARD = gnu11;
				GCC_DYNAMIC_NO_PIC = NO;
				GCC_NO_COMMON_BLOCKS = YES;
				GCC_OPTIMIZATION_LEVEL = 0;
				GCC_PREPROCESSOR_DEFINITIONS = (
					"DEBUG=1",
					"$(inherited)",
				);
				GCC_WARN_64_TO_32_BIT_CONVERSION = YES;
				GCC_WARN_ABOUT_RETURN_TYPE = YES_ERROR;
				GCC_WARN_UNDECLARED_SELECTOR = YES;
				GCC_WARN_UNINITIALIZED_AUTOS = YES_AGGRESSIVE;
				GCC_WARN_UNUSED_FUNCTION = YES;
				GCC_WARN_UNUSED_VARIABLE = YES;
				IPHONEOS_DEPLOYMENT_TARGET = 11.4;
				MTL_ENABLE_DEBUG_INFO = YES;
				ONLY_ACTIVE_ARCH = YES;
				SDKROOT = iphoneos;
				SWIFT_ACTIVE_COMPILATION_CONDITIONS = DEBUG;
				SWIFT_OPTIMIZATION_LEVEL = "-Onone";
			};
			name = Debug;
		};
		9345432D2145813300DEFDDE /* Release */ = {
			isa = XCBuildConfiguration;
			buildSettings = {
				ALWAYS_SEARCH_USER_PATHS = NO;
				CLANG_ANALYZER_NONNULL = YES;
				CLANG_ANALYZER_NUMBER_OBJECT_CONVERSION = YES_AGGRESSIVE;
				CLANG_CXX_LANGUAGE_STANDARD = "gnu++14";
				CLANG_CXX_LIBRARY = "libc++";
				CLANG_ENABLE_MODULES = YES;
				CLANG_ENABLE_OBJC_ARC = YES;
				CLANG_ENABLE_OBJC_WEAK = YES;
				CLANG_WARN_BLOCK_CAPTURE_AUTORELEASING = YES;
				CLANG_WARN_BOOL_CONVERSION = YES;
				CLANG_WARN_COMMA = YES;
				CLANG_WARN_CONSTANT_CONVERSION = YES;
				CLANG_WARN_DEPRECATED_OBJC_IMPLEMENTATIONS = YES;
				CLANG_WARN_DIRECT_OBJC_ISA_USAGE = YES_ERROR;
				CLANG_WARN_DOCUMENTATION_COMMENTS = YES;
				CLANG_WARN_EMPTY_BODY = YES;
				CLANG_WARN_ENUM_CONVERSION = YES;
				CLANG_WARN_INFINITE_RECURSION = YES;
				CLANG_WARN_INT_CONVERSION = YES;
				CLANG_WARN_NON_LITERAL_NULL_CONVERSION = YES;
				CLANG_WARN_OBJC_IMPLICIT_RETAIN_SELF = YES;
				CLANG_WARN_OBJC_LITERAL_CONVERSION = YES;
				CLANG_WARN_OBJC_ROOT_CLASS = YES_ERROR;
				CLANG_WARN_RANGE_LOOP_ANALYSIS = YES;
				CLANG_WARN_STRICT_PROTOTYPES = YES;
				CLANG_WARN_SUSPICIOUS_MOVE = YES;
				CLANG_WARN_UNGUARDED_AVAILABILITY = YES_AGGRESSIVE;
				CLANG_WARN_UNREACHABLE_CODE = YES;
				CLANG_WARN__DUPLICATE_METHOD_MATCH = YES;
				CODE_SIGN_IDENTITY = "iPhone Developer";
				COPY_PHASE_STRIP = NO;
				DEBUG_INFORMATION_FORMAT = "dwarf-with-dsym";
				ENABLE_NS_ASSERTIONS = NO;
				ENABLE_STRICT_OBJC_MSGSEND = YES;
				GCC_C_LANGUAGE_STANDARD = gnu11;
				GCC_NO_COMMON_BLOCKS = YES;
				GCC_WARN_64_TO_32_BIT_CONVERSION = YES;
				GCC_WARN_ABOUT_RETURN_TYPE = YES_ERROR;
				GCC_WARN_UNDECLARED_SELECTOR = YES;
				GCC_WARN_UNINITIALIZED_AUTOS = YES_AGGRESSIVE;
				GCC_WARN_UNUSED_FUNCTION = YES;
				GCC_WARN_UNUSED_VARIABLE = YES;
				IPHONEOS_DEPLOYMENT_TARGET = 11.4;
				MTL_ENABLE_DEBUG_INFO = NO;
				SDKROOT = iphoneos;
				SWIFT_COMPILATION_MODE = wholemodule;
				SWIFT_OPTIMIZATION_LEVEL = "-O";
				VALIDATE_PRODUCT = YES;
			};
			name = Release;
		};
		9345432F2145813300DEFDDE /* Debug */ = {
			isa = XCBuildConfiguration;
			buildSettings = {
				ASSETCATALOG_COMPILER_APPICON_NAME = AppIcon;
				CODE_SIGN_STYLE = Automatic;
				INFOPLIST_FILE = MonRestoDuMonde/Info.plist;
				LD_RUNPATH_SEARCH_PATHS = (
					"$(inherited)",
					"@executable_path/Frameworks",
				);
				PRODUCT_BUNDLE_IDENTIFIER = com.KTD.MonRestoDuMonde;
				PRODUCT_NAME = "$(TARGET_NAME)";
				SWIFT_VERSION = 4.0;
				TARGETED_DEVICE_FAMILY = "1,2";
			};
			name = Debug;
		};
		934543302145813300DEFDDE /* Release */ = {
			isa = XCBuildConfiguration;
			buildSettings = {
				ASSETCATALOG_COMPILER_APPICON_NAME = AppIcon;
				CODE_SIGN_STYLE = Automatic;
				INFOPLIST_FILE = MonRestoDuMonde/Info.plist;
				LD_RUNPATH_SEARCH_PATHS = (
					"$(inherited)",
					"@executable_path/Frameworks",
				);
				PRODUCT_BUNDLE_IDENTIFIER = com.KTD.MonRestoDuMonde;
				PRODUCT_NAME = "$(TARGET_NAME)";
				SWIFT_VERSION = 4.0;
				TARGETED_DEVICE_FAMILY = "1,2";
			};
			name = Release;
		};
/* End XCBuildConfiguration section */

/* Begin XCConfigurationList section */
		934543172145813200DEFDDE /* Build configuration list for PBXProject "MonRestoDuMonde" */ = {
			isa = XCConfigurationList;
			buildConfigurations = (
				9345432C2145813300DEFDDE /* Debug */,
				9345432D2145813300DEFDDE /* Release */,
			);
			defaultConfigurationIsVisible = 0;
			defaultConfigurationName = Release;
		};
		9345432E2145813300DEFDDE /* Build configuration list for PBXNativeTarget "MonRestoDuMonde" */ = {
			isa = XCConfigurationList;
			buildConfigurations = (
				9345432F2145813300DEFDDE /* Debug */,
				934543302145813300DEFDDE /* Release */,
			);
			defaultConfigurationIsVisible = 0;
			defaultConfigurationName = Release;
		};
/* End XCConfigurationList section */
	};
	rootObject = 934543142145813200DEFDDE /* Project object */;
}
